// !$*UTF8*$!
{
	archiveVersion = 1;
	classes = {
	};
	objectVersion = 55;
	objects = {

/* Begin PBXBuildFile section */
		81A8A85E2859051700EA5438 /* AppDelegate.swift in Sources */ = {isa = PBXBuildFile; fileRef = 81A8A85D2859051700EA5438 /* AppDelegate.swift */; };
		81A8A8602859051700EA5438 /* SceneDelegate.swift in Sources */ = {isa = PBXBuildFile; fileRef = 81A8A85F2859051700EA5438 /* SceneDelegate.swift */; };
		81A8A8622859051700EA5438 /* ViewController.swift in Sources */ = {isa = PBXBuildFile; fileRef = 81A8A8612859051700EA5438 /* ViewController.swift */; };
		81A8A8652859051700EA5438 /* Main.storyboard in Resources */ = {isa = PBXBuildFile; fileRef = 81A8A8632859051700EA5438 /* Main.storyboard */; };
		81A8A8682859051700EA5438 /* KWKFinalProject.xcdatamodeld in Sources */ = {isa = PBXBuildFile; fileRef = 81A8A8662859051700EA5438 /* KWKFinalProject.xcdatamodeld */; };
		81A8A86A2859051A00EA5438 /* Assets.xcassets in Resources */ = {isa = PBXBuildFile; fileRef = 81A8A8692859051A00EA5438 /* Assets.xcassets */; };
		81A8A86D2859051A00EA5438 /* LaunchScreen.storyboard in Resources */ = {isa = PBXBuildFile; fileRef = 81A8A86B2859051A00EA5438 /* LaunchScreen.storyboard */; };
		CB341DD4285A393000F26405 /* ContentView.swift in Sources */ = {isa = PBXBuildFile; fileRef = CB341DD3285A393000F26405 /* ContentView.swift */; };
		CB341DD6285A39D300F26405 /* Home.swift in Sources */ = {isa = PBXBuildFile; fileRef = CB341DD5285A39D200F26405 /* Home.swift */; };
		CB341DD8285A3A6400F26405 /* CustomDatePicker.swift in Sources */ = {isa = PBXBuildFile; fileRef = CB341DD7285A3A6400F26405 /* CustomDatePicker.swift */; };
		CBB605EE285B82AC00F7C28F /* EventEditViewController.swift in Sources */ = {isa = PBXBuildFile; fileRef = CBB605ED285B82AC00F7C28F /* EventEditViewController.swift */; };
		CBB605F0285B82BF00F7C28F /* EventCell.swift in Sources */ = {isa = PBXBuildFile; fileRef = CBB605EF285B82BF00F7C28F /* EventCell.swift */; };
		CBB605F2285B842300F7C28F /* Event.swift in Sources */ = {isa = PBXBuildFile; fileRef = CBB605F1285B842300F7C28F /* Event.swift */; };
		CBE461BC285A6F5300EDEC79 /* CalenderViewController.swift in Sources */ = {isa = PBXBuildFile; fileRef = CBE461BB285A6F5300EDEC79 /* CalenderViewController.swift */; };
		CBE461BE285A6F6A00EDEC79 /* CalenderCell.swift in Sources */ = {isa = PBXBuildFile; fileRef = CBE461BD285A6F6A00EDEC79 /* CalenderCell.swift */; };
		CBE461C0285A738800EDEC79 /* CalenderHelper.swift in Sources */ = {isa = PBXBuildFile; fileRef = CBE461BF285A738800EDEC79 /* CalenderHelper.swift */; };
		CBE461C4285A927200EDEC79 /* WeeklyViewController.swift in Sources */ = {isa = PBXBuildFile; fileRef = CBE461C3285A927200EDEC79 /* WeeklyViewController.swift */; };
		CBE461C7285A9CEB00EDEC79 /* DateValue.swift in Sources */ = {isa = PBXBuildFile; fileRef = CBE461C6285A9CEB00EDEC79 /* DateValue.swift */; };
		CBE461C9285AB48B00EDEC79 /* Task.swift in Sources */ = {isa = PBXBuildFile; fileRef = CBE461C8285AB48A00EDEC79 /* Task.swift */; };
/* End PBXBuildFile section */

/* Begin PBXFileReference section */
		81A8A85A2859051700EA5438 /* KWKFinalProject.app */ = {isa = PBXFileReference; explicitFileType = wrapper.application; includeInIndex = 0; path = KWKFinalProject.app; sourceTree = BUILT_PRODUCTS_DIR; };
		81A8A85D2859051700EA5438 /* AppDelegate.swift */ = {isa = PBXFileReference; lastKnownFileType = sourcecode.swift; path = AppDelegate.swift; sourceTree = "<group>"; };
		81A8A85F2859051700EA5438 /* SceneDelegate.swift */ = {isa = PBXFileReference; lastKnownFileType = sourcecode.swift; path = SceneDelegate.swift; sourceTree = "<group>"; };
		81A8A8612859051700EA5438 /* ViewController.swift */ = {isa = PBXFileReference; lastKnownFileType = sourcecode.swift; path = ViewController.swift; sourceTree = "<group>"; };
		81A8A8642859051700EA5438 /* Base */ = {isa = PBXFileReference; lastKnownFileType = file.storyboard; name = Base; path = Base.lproj/Main.storyboard; sourceTree = "<group>"; };
		81A8A8672859051700EA5438 /* KWKFinalProject.xcdatamodel */ = {isa = PBXFileReference; lastKnownFileType = wrapper.xcdatamodel; path = KWKFinalProject.xcdatamodel; sourceTree = "<group>"; };
		81A8A8692859051A00EA5438 /* Assets.xcassets */ = {isa = PBXFileReference; lastKnownFileType = folder.assetcatalog; path = Assets.xcassets; sourceTree = "<group>"; };
		81A8A86C2859051A00EA5438 /* Base */ = {isa = PBXFileReference; lastKnownFileType = file.storyboard; name = Base; path = Base.lproj/LaunchScreen.storyboard; sourceTree = "<group>"; };
		81A8A86E2859051A00EA5438 /* Info.plist */ = {isa = PBXFileReference; lastKnownFileType = text.plist.xml; path = Info.plist; sourceTree = "<group>"; };
		CB341DD3285A393000F26405 /* ContentView.swift */ = {isa = PBXFileReference; lastKnownFileType = sourcecode.swift; path = ContentView.swift; sourceTree = "<group>"; };
		CB341DD5285A39D200F26405 /* Home.swift */ = {isa = PBXFileReference; lastKnownFileType = sourcecode.swift; path = Home.swift; sourceTree = "<group>"; };
		CB341DD7285A3A6400F26405 /* CustomDatePicker.swift */ = {isa = PBXFileReference; lastKnownFileType = sourcecode.swift; path = CustomDatePicker.swift; sourceTree = "<group>"; };
		CBB605ED285B82AC00F7C28F /* EventEditViewController.swift */ = {isa = PBXFileReference; lastKnownFileType = sourcecode.swift; path = EventEditViewController.swift; sourceTree = "<group>"; };
		CBB605EF285B82BF00F7C28F /* EventCell.swift */ = {isa = PBXFileReference; lastKnownFileType = sourcecode.swift; path = EventCell.swift; sourceTree = "<group>"; };
		CBB605F1285B842300F7C28F /* Event.swift */ = {isa = PBXFileReference; lastKnownFileType = sourcecode.swift; path = Event.swift; sourceTree = "<group>"; };
		CBE461BB285A6F5300EDEC79 /* CalenderViewController.swift */ = {isa = PBXFileReference; lastKnownFileType = sourcecode.swift; path = CalenderViewController.swift; sourceTree = "<group>"; };
		CBE461BD285A6F6A00EDEC79 /* CalenderCell.swift */ = {isa = PBXFileReference; lastKnownFileType = sourcecode.swift; path = CalenderCell.swift; sourceTree = "<group>"; };
		CBE461BF285A738800EDEC79 /* CalenderHelper.swift */ = {isa = PBXFileReference; lastKnownFileType = sourcecode.swift; path = CalenderHelper.swift; sourceTree = "<group>"; };
		CBE461C3285A927200EDEC79 /* WeeklyViewController.swift */ = {isa = PBXFileReference; lastKnownFileType = sourcecode.swift; path = WeeklyViewController.swift; sourceTree = "<group>"; };
		CBE461C6285A9CEB00EDEC79 /* DateValue.swift */ = {isa = PBXFileReference; lastKnownFileType = sourcecode.swift; path = DateValue.swift; sourceTree = "<group>"; };
		CBE461C8285AB48A00EDEC79 /* Task.swift */ = {isa = PBXFileReference; lastKnownFileType = sourcecode.swift; path = Task.swift; sourceTree = "<group>"; };
/* End PBXFileReference section */

/* Begin PBXFrameworksBuildPhase section */
		81A8A8572859051700EA5438 /* Frameworks */ = {
			isa = PBXFrameworksBuildPhase;
			buildActionMask = 2147483647;
			files = (
			);
			runOnlyForDeploymentPostprocessing = 0;
		};
/* End PBXFrameworksBuildPhase section */

/* Begin PBXGroup section */
		81A8A8512859051700EA5438 = {
			isa = PBXGroup;
			children = (
				81A8A85C2859051700EA5438 /* KWKFinalProject */,
				81A8A85B2859051700EA5438 /* Products */,
			);
			sourceTree = "<group>";
		};
		81A8A85B2859051700EA5438 /* Products */ = {
			isa = PBXGroup;
			children = (
				81A8A85A2859051700EA5438 /* KWKFinalProject.app */,
			);
			name = Products;
			sourceTree = "<group>";
		};
		81A8A85C2859051700EA5438 /* KWKFinalProject */ = {
			isa = PBXGroup;
			children = (
				CBE461C5285A9CCF00EDEC79 /* Model */,
				CB341DD2285A390C00F26405 /* View */,
				81A8A85D2859051700EA5438 /* AppDelegate.swift */,
				81A8A85F2859051700EA5438 /* SceneDelegate.swift */,
				81A8A8612859051700EA5438 /* ViewController.swift */,
				81A8A8632859051700EA5438 /* Main.storyboard */,
				CBB605F1285B842300F7C28F /* Event.swift */,
				CBB605ED285B82AC00F7C28F /* EventEditViewController.swift */,
				CBB605EF285B82BF00F7C28F /* EventCell.swift */,
				CBE461C3285A927200EDEC79 /* WeeklyViewController.swift */,
				CBE461BD285A6F6A00EDEC79 /* CalenderCell.swift */,
				CBE461BB285A6F5300EDEC79 /* CalenderViewController.swift */,
				CBE461BF285A738800EDEC79 /* CalenderHelper.swift */,
				81A8A8692859051A00EA5438 /* Assets.xcassets */,
				81A8A86B2859051A00EA5438 /* LaunchScreen.storyboard */,
				81A8A86E2859051A00EA5438 /* Info.plist */,
				81A8A8662859051700EA5438 /* KWKFinalProject.xcdatamodeld */,
				CB341DD3285A393000F26405 /* ContentView.swift */,
			);
			path = KWKFinalProject;
			sourceTree = "<group>";
		};
		CB341DD2285A390C00F26405 /* View */ = {
			isa = PBXGroup;
			children = (
				CB341DD5285A39D200F26405 /* Home.swift */,
				CB341DD7285A3A6400F26405 /* CustomDatePicker.swift */,
			);
			path = View;
			sourceTree = "<group>";
		};
		CBE461C5285A9CCF00EDEC79 /* Model */ = {
			isa = PBXGroup;
			children = (
				CBE461C6285A9CEB00EDEC79 /* DateValue.swift */,
				CBE461C8285AB48A00EDEC79 /* Task.swift */,
			);
			path = Model;
			sourceTree = "<group>";
		};
/* End PBXGroup section */

/* Begin PBXNativeTarget section */
		81A8A8592859051700EA5438 /* KWKFinalProject */ = {
			isa = PBXNativeTarget;
			buildConfigurationList = 81A8A8712859051A00EA5438 /* Build configuration list for PBXNativeTarget "KWKFinalProject" */;
			buildPhases = (
				81A8A8562859051700EA5438 /* Sources */,
				81A8A8572859051700EA5438 /* Frameworks */,
				81A8A8582859051700EA5438 /* Resources */,
			);
			buildRules = (
			);
			dependencies = (
			);
			name = KWKFinalProject;
			productName = KWKFinalProject;
			productReference = 81A8A85A2859051700EA5438 /* KWKFinalProject.app */;
			productType = "com.apple.product-type.application";
		};
/* End PBXNativeTarget section */

/* Begin PBXProject section */
		81A8A8522859051700EA5438 /* Project object */ = {
			isa = PBXProject;
			attributes = {
				BuildIndependentTargetsInParallel = 1;
				LastSwiftUpdateCheck = 1340;
				LastUpgradeCheck = 1340;
				TargetAttributes = {
					81A8A8592859051700EA5438 = {
						CreatedOnToolsVersion = 13.4.1;
					};
				};
			};
			buildConfigurationList = 81A8A8552859051700EA5438 /* Build configuration list for PBXProject "KWKFinalProject" */;
			compatibilityVersion = "Xcode 13.0";
			developmentRegion = en;
			hasScannedForEncodings = 0;
			knownRegions = (
				en,
				Base,
			);
			mainGroup = 81A8A8512859051700EA5438;
			productRefGroup = 81A8A85B2859051700EA5438 /* Products */;
			projectDirPath = "";
			projectRoot = "";
			targets = (
				81A8A8592859051700EA5438 /* KWKFinalProject */,
			);
		};
/* End PBXProject section */

/* Begin PBXResourcesBuildPhase section */
		81A8A8582859051700EA5438 /* Resources */ = {
			isa = PBXResourcesBuildPhase;
			buildActionMask = 2147483647;
			files = (
				81A8A86D2859051A00EA5438 /* LaunchScreen.storyboard in Resources */,
				81A8A86A2859051A00EA5438 /* Assets.xcassets in Resources */,
				81A8A8652859051700EA5438 /* Main.storyboard in Resources */,
			);
			runOnlyForDeploymentPostprocessing = 0;
		};
/* End PBXResourcesBuildPhase section */

/* Begin PBXSourcesBuildPhase section */
		81A8A8562859051700EA5438 /* Sources */ = {
			isa = PBXSourcesBuildPhase;
			buildActionMask = 2147483647;
			files = (
				81A8A8622859051700EA5438 /* ViewController.swift in Sources */,
				CBB605EE285B82AC00F7C28F /* EventEditViewController.swift in Sources */,
				CBE461BE285A6F6A00EDEC79 /* CalenderCell.swift in Sources */,
				CB341DD4285A393000F26405 /* ContentView.swift in Sources */,
				81A8A85E2859051700EA5438 /* AppDelegate.swift in Sources */,
				81A8A8682859051700EA5438 /* KWKFinalProject.xcdatamodeld in Sources */,
				CBE461BC285A6F5300EDEC79 /* CalenderViewController.swift in Sources */,
				CBB605F0285B82BF00F7C28F /* EventCell.swift in Sources */,
				CBB605F2285B842300F7C28F /* Event.swift in Sources */,
				CB341DD6285A39D300F26405 /* Home.swift in Sources */,
				CBE461C4285A927200EDEC79 /* WeeklyViewController.swift in Sources */,
				CBE461C9285AB48B00EDEC79 /* Task.swift in Sources */,
				CB341DD8285A3A6400F26405 /* CustomDatePicker.swift in Sources */,
				CBE461C7285A9CEB00EDEC79 /* DateValue.swift in Sources */,
				81A8A8602859051700EA5438 /* SceneDelegate.swift in Sources */,
				CBE461C0285A738800EDEC79 /* CalenderHelper.swift in Sources */,
			);
			runOnlyForDeploymentPostprocessing = 0;
		};
/* End PBXSourcesBuildPhase section */

/* Begin PBXVariantGroup section */
		81A8A8632859051700EA5438 /* Main.storyboard */ = {
			isa = PBXVariantGroup;
			children = (
				81A8A8642859051700EA5438 /* Base */,
			);
			name = Main.storyboard;
			sourceTree = "<group>";
		};
		81A8A86B2859051A00EA5438 /* LaunchScreen.storyboard */ = {
			isa = PBXVariantGroup;
			children = (
				81A8A86C2859051A00EA5438 /* Base */,
			);
			name = LaunchScreen.storyboard;
			sourceTree = "<group>";
		};
/* End PBXVariantGroup section */

/* Begin XCBuildConfiguration section */
		81A8A86F2859051A00EA5438 /* Debug */ = {
			isa = XCBuildConfiguration;
			buildSettings = {
				ALWAYS_SEARCH_USER_PATHS = NO;
				CLANG_ANALYZER_NONNULL = YES;
				CLANG_ANALYZER_NUMBER_OBJECT_CONVERSION = YES_AGGRESSIVE;
				CLANG_CXX_LANGUAGE_STANDARD = "gnu++17";
				CLANG_ENABLE_MODULES = YES;
				CLANG_ENABLE_OBJC_ARC = YES;
				CLANG_ENABLE_OBJC_WEAK = YES;
				CLANG_WARN_BLOCK_CAPTURE_AUTORELEASING = YES;
				CLANG_WARN_BOOL_CONVERSION = YES;
				CLANG_WARN_COMMA = YES;
				CLANG_WARN_CONSTANT_CONVERSION = YES;
				CLANG_WARN_DEPRECATED_OBJC_IMPLEMENTATIONS = YES;
				CLANG_WARN_DIRECT_OBJC_ISA_USAGE = YES_ERROR;
				CLANG_WARN_DOCUMENTATION_COMMENTS = YES;
				CLANG_WARN_EMPTY_BODY = YES;
				CLANG_WARN_ENUM_CONVERSION = YES;
				CLANG_WARN_INFINITE_RECURSION = YES;
				CLANG_WARN_INT_CONVERSION = YES;
				CLANG_WARN_NON_LITERAL_NULL_CONVERSION = YES;
				CLANG_WARN_OBJC_IMPLICIT_RETAIN_SELF = YES;
				CLANG_WARN_OBJC_LITERAL_CONVERSION = YES;
				CLANG_WARN_OBJC_ROOT_CLASS = YES_ERROR;
				CLANG_WARN_QUOTED_INCLUDE_IN_FRAMEWORK_HEADER = YES;
				CLANG_WARN_RANGE_LOOP_ANALYSIS = YES;
				CLANG_WARN_STRICT_PROTOTYPES = YES;
				CLANG_WARN_SUSPICIOUS_MOVE = YES;
				CLANG_WARN_UNGUARDED_AVAILABILITY = YES_AGGRESSIVE;
				CLANG_WARN_UNREACHABLE_CODE = YES;
				CLANG_WARN__DUPLICATE_METHOD_MATCH = YES;
				COPY_PHASE_STRIP = NO;
				DEBUG_INFORMATION_FORMAT = dwarf;
				ENABLE_STRICT_OBJC_MSGSEND = YES;
				ENABLE_TESTABILITY = YES;
				GCC_C_LANGUAGE_STANDARD = gnu11;
				GCC_DYNAMIC_NO_PIC = NO;
				GCC_NO_COMMON_BLOCKS = YES;
				GCC_OPTIMIZATION_LEVEL = 0;
				GCC_PREPROCESSOR_DEFINITIONS = (
					"DEBUG=1",
					"$(inherited)",
				);
				GCC_WARN_64_TO_32_BIT_CONVERSION = YES;
				GCC_WARN_ABOUT_RETURN_TYPE = YES_ERROR;
				GCC_WARN_UNDECLARED_SELECTOR = YES;
				GCC_WARN_UNINITIALIZED_AUTOS = YES_AGGRESSIVE;
				GCC_WARN_UNUSED_FUNCTION = YES;
				GCC_WARN_UNUSED_VARIABLE = YES;
				IPHONEOS_DEPLOYMENT_TARGET = 15.5;
				MTL_ENABLE_DEBUG_INFO = INCLUDE_SOURCE;
				MTL_FAST_MATH = YES;
				ONLY_ACTIVE_ARCH = YES;
				SDKROOT = iphoneos;
				SWIFT_ACTIVE_COMPILATION_CONDITIONS = DEBUG;
				SWIFT_OPTIMIZATION_LEVEL = "-Onone";
			};
			name = Debug;
		};
		81A8A8702859051A00EA5438 /* Release */ = {
			isa = XCBuildConfiguration;
			buildSettings = {
				ALWAYS_SEARCH_USER_PATHS = NO;
				CLANG_ANALYZER_NONNULL = YES;
				CLANG_ANALYZER_NUMBER_OBJECT_CONVERSION = YES_AGGRESSIVE;
				CLANG_CXX_LANGUAGE_STANDARD = "gnu++17";
				CLANG_ENABLE_MODULES = YES;
				CLANG_ENABLE_OBJC_ARC = YES;
				CLANG_ENABLE_OBJC_WEAK = YES;
				CLANG_WARN_BLOCK_CAPTURE_AUTORELEASING = YES;
				CLANG_WARN_BOOL_CONVERSION = YES;
				CLANG_WARN_COMMA = YES;
				CLANG_WARN_CONSTANT_CONVERSION = YES;
				CLANG_WARN_DEPRECATED_OBJC_IMPLEMENTATIONS = YES;
				CLANG_WARN_DIRECT_OBJC_ISA_USAGE = YES_ERROR;
				CLANG_WARN_DOCUMENTATION_COMMENTS = YES;
				CLANG_WARN_EMPTY_BODY = YES;
				CLANG_WARN_ENUM_CONVERSION = YES;
				CLANG_WARN_INFINITE_RECURSION = YES;
				CLANG_WARN_INT_CONVERSION = YES;
				CLANG_WARN_NON_LITERAL_NULL_CONVERSION = YES;
				CLANG_WARN_OBJC_IMPLICIT_RETAIN_SELF = YES;
				CLANG_WARN_OBJC_LITERAL_CONVERSION = YES;
				CLANG_WARN_OBJC_ROOT_CLASS = YES_ERROR;
				CLANG_WARN_QUOTED_INCLUDE_IN_FRAMEWORK_HEADER = YES;
				CLANG_WARN_RANGE_LOOP_ANALYSIS = YES;
				CLANG_WARN_STRICT_PROTOTYPES = YES;
				CLANG_WARN_SUSPICIOUS_MOVE = YES;
				CLANG_WARN_UNGUARDED_AVAILABILITY = YES_AGGRESSIVE;
				CLANG_WARN_UNREACHABLE_CODE = YES;
				CLANG_WARN__DUPLICATE_METHOD_MATCH = YES;
				COPY_PHASE_STRIP = NO;
				DEBUG_INFORMATION_FORMAT = "dwarf-with-dsym";
				ENABLE_NS_ASSERTIONS = NO;
				ENABLE_STRICT_OBJC_MSGSEND = YES;
				GCC_C_LANGUAGE_STANDARD = gnu11;
				GCC_NO_COMMON_BLOCKS = YES;
				GCC_WARN_64_TO_32_BIT_CONVERSION = YES;
				GCC_WARN_ABOUT_RETURN_TYPE = YES_ERROR;
				GCC_WARN_UNDECLARED_SELECTOR = YES;
				GCC_WARN_UNINITIALIZED_AUTOS = YES_AGGRESSIVE;
				GCC_WARN_UNUSED_FUNCTION = YES;
				GCC_WARN_UNUSED_VARIABLE = YES;
				IPHONEOS_DEPLOYMENT_TARGET = 15.5;
				MTL_ENABLE_DEBUG_INFO = NO;
				MTL_FAST_MATH = YES;
				SDKROOT = iphoneos;
				SWIFT_COMPILATION_MODE = wholemodule;
				SWIFT_OPTIMIZATION_LEVEL = "-O";
				VALIDATE_PRODUCT = YES;
			};
			name = Release;
		};
		81A8A8722859051A00EA5438 /* Debug */ = {
			isa = XCBuildConfiguration;
			buildSettings = {
				ASSETCATALOG_COMPILER_APPICON_NAME = AppIcon;
				ASSETCATALOG_COMPILER_GLOBAL_ACCENT_COLOR_NAME = AccentColor;
				CODE_SIGN_STYLE = Automatic;
				CURRENT_PROJECT_VERSION = 1;
				DEVELOPMENT_TEAM = KB2L894KMJ;
				GENERATE_INFOPLIST_FILE = YES;
				INFOPLIST_FILE = KWKFinalProject/Info.plist;
				INFOPLIST_KEY_UIApplicationSupportsIndirectInputEvents = YES;
				INFOPLIST_KEY_UILaunchStoryboardName = LaunchScreen;
				INFOPLIST_KEY_UIMainStoryboardFile = Main;
				INFOPLIST_KEY_UISupportedInterfaceOrientations_iPad = "UIInterfaceOrientationPortrait UIInterfaceOrientationPortraitUpsideDown UIInterfaceOrientationLandscapeLeft UIInterfaceOrientationLandscapeRight";
				INFOPLIST_KEY_UISupportedInterfaceOrientations_iPhone = "UIInterfaceOrientationPortrait UIInterfaceOrientationLandscapeLeft UIInterfaceOrientationLandscapeRight";
				LD_RUNPATH_SEARCH_PATHS = (
					"$(inherited)",
					"@executable_path/Frameworks",
				);
				MARKETING_VERSION = 1.0;
				PRODUCT_BUNDLE_IDENTIFIER = EmiliaKniestedt.KWKFinalProject;
				PRODUCT_NAME = "$(TARGET_NAME)";
				SWIFT_EMIT_LOC_STRINGS = YES;
				SWIFT_VERSION = 5.0;
				TARGETED_DEVICE_FAMILY = "1,2";
			};
			name = Debug;
		};
		81A8A8732859051A00EA5438 /* Release */ = {
			isa = XCBuildConfiguration;
			buildSettings = {
				ASSETCATALOG_COMPILER_APPICON_NAME = AppIcon;
				ASSETCATALOG_COMPILER_GLOBAL_ACCENT_COLOR_NAME = AccentColor;
				CODE_SIGN_STYLE = Automatic;
				CURRENT_PROJECT_VERSION = 1;
				DEVELOPMENT_TEAM = KB2L894KMJ;
				GENERATE_INFOPLIST_FILE = YES;
				INFOPLIST_FILE = KWKFinalProject/Info.plist;
				INFOPLIST_KEY_UIApplicationSupportsIndirectInputEvents = YES;
				INFOPLIST_KEY_UILaunchStoryboardName = LaunchScreen;
				INFOPLIST_KEY_UIMainStoryboardFile = Main;
				INFOPLIST_KEY_UISupportedInterfaceOrientations_iPad = "UIInterfaceOrientationPortrait UIInterfaceOrientationPortraitUpsideDown UIInterfaceOrientationLandscapeLeft UIInterfaceOrientationLandscapeRight";
				INFOPLIST_KEY_UISupportedInterfaceOrientations_iPhone = "UIInterfaceOrientationPortrait UIInterfaceOrientationLandscapeLeft UIInterfaceOrientationLandscapeRight";
				LD_RUNPATH_SEARCH_PATHS = (
					"$(inherited)",
					"@executable_path/Frameworks",
				);
				MARKETING_VERSION = 1.0;
				PRODUCT_BUNDLE_IDENTIFIER = EmiliaKniestedt.KWKFinalProject;
				PRODUCT_NAME = "$(TARGET_NAME)";
				SWIFT_EMIT_LOC_STRINGS = YES;
				SWIFT_VERSION = 5.0;
				TARGETED_DEVICE_FAMILY = "1,2";
			};
			name = Release;
		};
/* End XCBuildConfiguration section */

/* Begin XCConfigurationList section */
		81A8A8552859051700EA5438 /* Build configuration list for PBXProject "KWKFinalProject" */ = {
			isa = XCConfigurationList;
			buildConfigurations = (
				81A8A86F2859051A00EA5438 /* Debug */,
				81A8A8702859051A00EA5438 /* Release */,
			);
			defaultConfigurationIsVisible = 0;
			defaultConfigurationName = Release;
		};
		81A8A8712859051A00EA5438 /* Build configuration list for PBXNativeTarget "KWKFinalProject" */ = {
			isa = XCConfigurationList;
			buildConfigurations = (
				81A8A8722859051A00EA5438 /* Debug */,
				81A8A8732859051A00EA5438 /* Release */,
			);
			defaultConfigurationIsVisible = 0;
			defaultConfigurationName = Release;
		};
/* End XCConfigurationList section */

/* Begin XCVersionGroup section */
		81A8A8662859051700EA5438 /* KWKFinalProject.xcdatamodeld */ = {
			isa = XCVersionGroup;
			children = (
				81A8A8672859051700EA5438 /* KWKFinalProject.xcdatamodel */,
			);
			currentVersion = 81A8A8672859051700EA5438 /* KWKFinalProject.xcdatamodel */;
			path = KWKFinalProject.xcdatamodeld;
			sourceTree = "<group>";
			versionGroupType = wrapper.xcdatamodel;
		};
/* End XCVersionGroup section */
	};
	rootObject = 81A8A8522859051700EA5438 /* Project object */;
}
